
Microsoft Visual Studio Solution File, Format Version 12.00
# Visual Studio 14
VisualStudioVersion = 14.0.25123.0
MinimumVisualStudioVersion = 10.0.40219.1
Project("{FAE04EC0-301F-11D3-BF4B-00C04F79EFBC}") = "Consumer", "Consumer\Consumer.csproj", "{CBD5EF88-8D63-4440-8D9F-9F21D2535609}"
EndProject
Project("{FAE04EC0-301F-11D3-BF4B-00C04F79EFBC}") = "WinHandlesQuerier.Core", "WinHandlesQuerier.Core\WinHandlesQuerier.Core.csproj", "{F31C3F13-5C5E-4512-B3C7-A16F8FA6518B}"
EndProject
Project("{FAE04EC0-301F-11D3-BF4B-00C04F79EFBC}") = "WinNativeApi", "WinNativeApi\WinNativeApi.csproj", "{BC696670-7B56-44D5-B62C-46A9C2FF00EA}"
EndProject
Project("{2150E333-8FDC-42A3-9474-1A3956D46DE8}") = "Git", "Git", "{CE7C6ED5-BD94-4AE4-BBF2-C20A16D3F923}"
	ProjectSection(SolutionItems) = preProject
		..\.gitattributes = ..\.gitattributes
		..\.gitignore = ..\.gitignore
	EndProjectSection
EndProject
Project("{2150E333-8FDC-42A3-9474-1A3956D46DE8}") = "WinHandlesQuerier-DumpTests", "WinHandlesQuerier-DumpTests", "{78A8277C-7500-4EAC-BA69-03A48A9C8FED}"
EndProject
Project("{2150E333-8FDC-42A3-9474-1A3956D46DE8}") = "Managed", "Managed", "{13D6E44A-C305-403F-89EA-0C90615DD52E}"
EndProject
Project("{FAE04EC0-301F-11D3-BF4B-00C04F79EFBC}") = "DumpTest", "..\WinHandlesQuerier-DumpTests\Managed\DumpTest\DumpTest.csproj", "{A84B20BE-D34E-46D0-9ECC-03DCA643DE64}"
EndProject
Project("{2150E333-8FDC-42A3-9474-1A3956D46DE8}") = "UnManaged", "UnManaged", "{D7CFEA56-4066-45F4-BB87-9D8F8DC7DFE8}"
EndProject
Project("{8BC9CEB8-8B4A-11D0-8D11-00A0C91BC942}") = "NativeWinDeclarationsValidator", "..\WinHandlesQuerier-DumpTests\NativeWinDeclarationsValidator\NativeWinDeclarationsValidator.vcxproj", "{5022FA36-61C0-4803-B7A7-772FC0C040CB}"
EndProject
Project("{FAE04EC0-301F-11D3-BF4B-00C04F79EFBC}") = "WaitForSingleObjectTest_Managed", "..\WinHandlesQuerier-DumpTests\Managed\WaitForSingleObjectTest_Managed\WaitForSingleObjectTest_Managed.csproj", "{21529D91-3355-408B-89C0-DD202DBD7AFA}"
EndProject
Project("{8BC9CEB8-8B4A-11D0-8D11-00A0C91BC942}") = "WaitForSingleObjectTest_UnManaged", "..\WinHandlesQuerier-DumpTests\UnManaged\WaitForSingleObjectTest_UnManaged\WaitForSingleObjectTest_UnManaged.vcxproj", "{EDCC034A-4E88-4FE4-84C0-8415E60939F4}"
EndProject
Project("{2150E333-8FDC-42A3-9474-1A3956D46DE8}") = "Findings", "Findings", "{CD2A48E5-4426-4141-A6FD-BE735D32A0CA}"
EndProject
Project("{2150E333-8FDC-42A3-9474-1A3956D46DE8}") = "WaitForSingleObject", "WaitForSingleObject", "{A8859F55-F699-4B8A-AC71-526284A7B94C}"
	ProjectSection(SolutionItems) = preProject
		..\..\..\..\..\temp\dumps\Testing\x64\WaitForSingleObjectTest\WaitForSingleObjectTest_UnManaged\Cpp_WaitForSingleObjectTest_ConsoleOutput.txt = ..\..\..\..\..\temp\dumps\Testing\x64\WaitForSingleObjectTest\WaitForSingleObjectTest_UnManaged\Cpp_WaitForSingleObjectTest_ConsoleOutput.txt
		..\..\..\..\..\temp\dumps\Testing\x64\WaitForSingleObjectTest\WaitForSingleObjectTest_UnManaged\Cpp_WaitForSingleObjectTest_WinDbgOutput.txt = ..\..\..\..\..\temp\dumps\Testing\x64\WaitForSingleObjectTest\WaitForSingleObjectTest_UnManaged\Cpp_WaitForSingleObjectTest_WinDbgOutput.txt
		..\WinHandlesQuerier-DumpTests\Findings\WaitForSingleObject\Csharp_WaitForSingleObjectTest_ConsoleOutput.txt = ..\WinHandlesQuerier-DumpTests\Findings\WaitForSingleObject\Csharp_WaitForSingleObjectTest_ConsoleOutput.txt
		..\WinHandlesQuerier-DumpTests\Findings\WaitForSingleObject\Csharp_WaitForSingleObjectTest_WinDbgOutput.txt = ..\WinHandlesQuerier-DumpTests\Findings\WaitForSingleObject\Csharp_WaitForSingleObjectTest_WinDbgOutput.txt
	EndProjectSection
EndProject
Project("{8BC9CEB8-8B4A-11D0-8D11-00A0C91BC942}") = "WaitForMultipleObjectsTest_UnManaged", "..\WinHandlesQuerier-DumpTests\UnManaged\WaitForMultipleObjectsTest_UnManaged\WaitForMultipleObjectsTest_UnManaged.vcxproj", "{49D7EB30-D0FD-4A12-A035-7B44BDB23BF1}"
EndProject
Project("{8BC9CEB8-8B4A-11D0-8D11-00A0C91BC942}") = "EnterCriticalSectionTest_UnManaged", "..\WinHandlesQuerier-DumpTests\UnManaged\EnterCriticalSectionTest_UnManaged\EnterCriticalSectionTest_UnManaged.vcxproj", "{87702CA2-8CEF-4058-9205-DC7D51BB9F4E}"
EndProject
Project("{FAE04EC0-301F-11D3-BF4B-00C04F79EFBC}") = "EnterCriticalSectionTest_Managed", "..\WinHandlesQuerier-DumpTests\Managed\EnterCriticalSectionTest_Managed\EnterCriticalSectionTest_Managed.csproj", "{4B5F5593-6F07-4869-A49D-E5AADA56D3C7}"
EndProject
Project("{FAE04EC0-301F-11D3-BF4B-00C04F79EFBC}") = "WaitForMultipleObjectsTest_Managed", "..\WinHandlesQuerier-DumpTests\Managed\WaitForMultipleObjectsTest_Managed\WaitForMultipleObjectsTest_Managed.csproj", "{F09BCC4A-6AD7-487E-9661-A05398DA6950}"
EndProject
Project("{2150E333-8FDC-42A3-9474-1A3956D46DE8}") = "EnterCriticalSection", "EnterCriticalSection", "{AC05E9BB-D68F-43A6-BA9D-4EFADA037CCA}"
	ProjectSection(SolutionItems) = preProject
		..\WinHandlesQuerier-DumpTests\Findings\EnterCriticalSection\Cpp_WaitForMultipleObjects_ConsoleOutPut.txt = ..\WinHandlesQuerier-DumpTests\Findings\EnterCriticalSection\Cpp_WaitForMultipleObjects_ConsoleOutPut.txt
		..\WinHandlesQuerier-DumpTests\Findings\EnterCriticalSection\Csharp_WaitForMultipleObjects_WinDbgOutput.txt.txt = ..\WinHandlesQuerier-DumpTests\Findings\EnterCriticalSection\Csharp_WaitForMultipleObjects_WinDbgOutput.txt.txt
	EndProjectSection
EndProject
Project("{2150E333-8FDC-42A3-9474-1A3956D46DE8}") = "WaitForMultipleObjects", "WaitForMultipleObjects", "{751684BC-DDA1-4A0C-9E1F-34FDBA9C229A}"
	ProjectSection(SolutionItems) = preProject
		..\WinHandlesQuerier-DumpTests\Findings\WaitForMultipleObjects\Cpp_EnterCriticalSectionTest_WinDbgOutput.txt = ..\WinHandlesQuerier-DumpTests\Findings\WaitForMultipleObjects\Cpp_EnterCriticalSectionTest_WinDbgOutput.txt
		..\WinHandlesQuerier-DumpTests\Findings\WaitForMultipleObjects\Cpp_WaitForMultipleObjects_ConsoleOutput.txt = ..\WinHandlesQuerier-DumpTests\Findings\WaitForMultipleObjects\Cpp_WaitForMultipleObjects_ConsoleOutput.txt
		..\WinHandlesQuerier-DumpTests\Findings\WaitForMultipleObjects\Csharp_EnterCriticalSectionTest_WinDbgOutput.txt = ..\WinHandlesQuerier-DumpTests\Findings\WaitForMultipleObjects\Csharp_EnterCriticalSectionTest_WinDbgOutput.txt
		..\WinHandlesQuerier-DumpTests\Findings\WaitForMultipleObjects\Csharp_WaitForMultipleObjects_ConsoleOutput.txt = ..\WinHandlesQuerier-DumpTests\Findings\WaitForMultipleObjects\Csharp_WaitForMultipleObjects_ConsoleOutput.txt
	EndProjectSection
EndProject
Global
	GlobalSection(SolutionConfigurationPlatforms) = preSolution
		Debug|Any CPU = Debug|Any CPU
		Debug|x64 = Debug|x64
		Debug|x86 = Debug|x86
		Release|Any CPU = Release|Any CPU
		Release|x64 = Release|x64
		Release|x86 = Release|x86
	EndGlobalSection
	GlobalSection(ProjectConfigurationPlatforms) = postSolution
		{CBD5EF88-8D63-4440-8D9F-9F21D2535609}.Debug|Any CPU.ActiveCfg = Debug|Any CPU
		{CBD5EF88-8D63-4440-8D9F-9F21D2535609}.Debug|Any CPU.Build.0 = Debug|Any CPU
		{CBD5EF88-8D63-4440-8D9F-9F21D2535609}.Debug|x64.ActiveCfg = Debug|x64
		{CBD5EF88-8D63-4440-8D9F-9F21D2535609}.Debug|x64.Build.0 = Debug|x64
		{CBD5EF88-8D63-4440-8D9F-9F21D2535609}.Debug|x86.ActiveCfg = Debug|x86
		{CBD5EF88-8D63-4440-8D9F-9F21D2535609}.Debug|x86.Build.0 = Debug|x86
		{CBD5EF88-8D63-4440-8D9F-9F21D2535609}.Release|Any CPU.ActiveCfg = Release|Any CPU
		{CBD5EF88-8D63-4440-8D9F-9F21D2535609}.Release|Any CPU.Build.0 = Release|Any CPU
		{CBD5EF88-8D63-4440-8D9F-9F21D2535609}.Release|x64.ActiveCfg = Release|Any CPU
		{CBD5EF88-8D63-4440-8D9F-9F21D2535609}.Release|x64.Build.0 = Release|Any CPU
		{CBD5EF88-8D63-4440-8D9F-9F21D2535609}.Release|x86.ActiveCfg = Release|Any CPU
		{CBD5EF88-8D63-4440-8D9F-9F21D2535609}.Release|x86.Build.0 = Release|Any CPU
		{F31C3F13-5C5E-4512-B3C7-A16F8FA6518B}.Debug|Any CPU.ActiveCfg = Debug|Any CPU
		{F31C3F13-5C5E-4512-B3C7-A16F8FA6518B}.Debug|Any CPU.Build.0 = Debug|Any CPU
		{F31C3F13-5C5E-4512-B3C7-A16F8FA6518B}.Debug|x64.ActiveCfg = Debug|x64
		{F31C3F13-5C5E-4512-B3C7-A16F8FA6518B}.Debug|x64.Build.0 = Debug|x64
		{F31C3F13-5C5E-4512-B3C7-A16F8FA6518B}.Debug|x86.ActiveCfg = Debug|Any CPU
		{F31C3F13-5C5E-4512-B3C7-A16F8FA6518B}.Debug|x86.Build.0 = Debug|Any CPU
		{F31C3F13-5C5E-4512-B3C7-A16F8FA6518B}.Release|Any CPU.ActiveCfg = Release|Any CPU
		{F31C3F13-5C5E-4512-B3C7-A16F8FA6518B}.Release|Any CPU.Build.0 = Release|Any CPU
		{F31C3F13-5C5E-4512-B3C7-A16F8FA6518B}.Release|x64.ActiveCfg = Release|Any CPU
		{F31C3F13-5C5E-4512-B3C7-A16F8FA6518B}.Release|x64.Build.0 = Release|Any CPU
		{F31C3F13-5C5E-4512-B3C7-A16F8FA6518B}.Release|x86.ActiveCfg = Release|Any CPU
		{F31C3F13-5C5E-4512-B3C7-A16F8FA6518B}.Release|x86.Build.0 = Release|Any CPU
		{BC696670-7B56-44D5-B62C-46A9C2FF00EA}.Debug|Any CPU.ActiveCfg = Debug|Any CPU
		{BC696670-7B56-44D5-B62C-46A9C2FF00EA}.Debug|Any CPU.Build.0 = Debug|Any CPU
		{BC696670-7B56-44D5-B62C-46A9C2FF00EA}.Debug|x64.ActiveCfg = Debug|x64
		{BC696670-7B56-44D5-B62C-46A9C2FF00EA}.Debug|x64.Build.0 = Debug|x64
		{BC696670-7B56-44D5-B62C-46A9C2FF00EA}.Debug|x86.ActiveCfg = Debug|Any CPU
		{BC696670-7B56-44D5-B62C-46A9C2FF00EA}.Debug|x86.Build.0 = Debug|Any CPU
		{BC696670-7B56-44D5-B62C-46A9C2FF00EA}.Release|Any CPU.ActiveCfg = Release|Any CPU
		{BC696670-7B56-44D5-B62C-46A9C2FF00EA}.Release|Any CPU.Build.0 = Release|Any CPU
		{BC696670-7B56-44D5-B62C-46A9C2FF00EA}.Release|x64.ActiveCfg = Release|Any CPU
		{BC696670-7B56-44D5-B62C-46A9C2FF00EA}.Release|x64.Build.0 = Release|Any CPU
		{BC696670-7B56-44D5-B62C-46A9C2FF00EA}.Release|x86.ActiveCfg = Release|Any CPU
		{BC696670-7B56-44D5-B62C-46A9C2FF00EA}.Release|x86.Build.0 = Release|Any CPU
		{A84B20BE-D34E-46D0-9ECC-03DCA643DE64}.Debug|Any CPU.ActiveCfg = Debug|Any CPU
		{A84B20BE-D34E-46D0-9ECC-03DCA643DE64}.Debug|Any CPU.Build.0 = Debug|Any CPU
		{A84B20BE-D34E-46D0-9ECC-03DCA643DE64}.Debug|x64.ActiveCfg = Debug|x64
		{A84B20BE-D34E-46D0-9ECC-03DCA643DE64}.Debug|x64.Build.0 = Debug|x64
		{A84B20BE-D34E-46D0-9ECC-03DCA643DE64}.Debug|x86.ActiveCfg = Debug|Any CPU
		{A84B20BE-D34E-46D0-9ECC-03DCA643DE64}.Debug|x86.Build.0 = Debug|Any CPU
		{A84B20BE-D34E-46D0-9ECC-03DCA643DE64}.Release|Any CPU.ActiveCfg = Release|Any CPU
		{A84B20BE-D34E-46D0-9ECC-03DCA643DE64}.Release|Any CPU.Build.0 = Release|Any CPU
		{A84B20BE-D34E-46D0-9ECC-03DCA643DE64}.Release|x64.ActiveCfg = Release|x64
		{A84B20BE-D34E-46D0-9ECC-03DCA643DE64}.Release|x64.Build.0 = Release|x64
		{A84B20BE-D34E-46D0-9ECC-03DCA643DE64}.Release|x86.ActiveCfg = Release|Any CPU
		{A84B20BE-D34E-46D0-9ECC-03DCA643DE64}.Release|x86.Build.0 = Release|Any CPU
		{5022FA36-61C0-4803-B7A7-772FC0C040CB}.Debug|Any CPU.ActiveCfg = Debug|Win32
		{5022FA36-61C0-4803-B7A7-772FC0C040CB}.Debug|x64.ActiveCfg = Debug|x64
		{5022FA36-61C0-4803-B7A7-772FC0C040CB}.Debug|x64.Build.0 = Debug|x64
		{5022FA36-61C0-4803-B7A7-772FC0C040CB}.Debug|x86.ActiveCfg = Debug|Win32
		{5022FA36-61C0-4803-B7A7-772FC0C040CB}.Debug|x86.Build.0 = Debug|Win32
		{5022FA36-61C0-4803-B7A7-772FC0C040CB}.Release|Any CPU.ActiveCfg = Release|Win32
		{5022FA36-61C0-4803-B7A7-772FC0C040CB}.Release|x64.ActiveCfg = Release|x64
		{5022FA36-61C0-4803-B7A7-772FC0C040CB}.Release|x64.Build.0 = Release|x64
		{5022FA36-61C0-4803-B7A7-772FC0C040CB}.Release|x86.ActiveCfg = Release|Win32
		{5022FA36-61C0-4803-B7A7-772FC0C040CB}.Release|x86.Build.0 = Release|Win32
		{21529D91-3355-408B-89C0-DD202DBD7AFA}.Debug|Any CPU.ActiveCfg = Debug|Any CPU
		{21529D91-3355-408B-89C0-DD202DBD7AFA}.Debug|Any CPU.Build.0 = Debug|Any CPU
		{21529D91-3355-408B-89C0-DD202DBD7AFA}.Debug|x64.ActiveCfg = Debug|Any CPU
		{21529D91-3355-408B-89C0-DD202DBD7AFA}.Debug|x64.Build.0 = Debug|Any CPU
		{21529D91-3355-408B-89C0-DD202DBD7AFA}.Debug|x86.ActiveCfg = Debug|Any CPU
		{21529D91-3355-408B-89C0-DD202DBD7AFA}.Debug|x86.Build.0 = Debug|Any CPU
		{21529D91-3355-408B-89C0-DD202DBD7AFA}.Release|Any CPU.ActiveCfg = Release|Any CPU
		{21529D91-3355-408B-89C0-DD202DBD7AFA}.Release|Any CPU.Build.0 = Release|Any CPU
		{21529D91-3355-408B-89C0-DD202DBD7AFA}.Release|x64.ActiveCfg = Release|Any CPU
		{21529D91-3355-408B-89C0-DD202DBD7AFA}.Release|x64.Build.0 = Release|Any CPU
		{21529D91-3355-408B-89C0-DD202DBD7AFA}.Release|x86.ActiveCfg = Release|Any CPU
		{21529D91-3355-408B-89C0-DD202DBD7AFA}.Release|x86.Build.0 = Release|Any CPU
		{EDCC034A-4E88-4FE4-84C0-8415E60939F4}.Debug|Any CPU.ActiveCfg = Debug|Win32
		{EDCC034A-4E88-4FE4-84C0-8415E60939F4}.Debug|x64.ActiveCfg = Debug|x64
		{EDCC034A-4E88-4FE4-84C0-8415E60939F4}.Debug|x64.Build.0 = Debug|x64
		{EDCC034A-4E88-4FE4-84C0-8415E60939F4}.Debug|x86.ActiveCfg = Debug|Win32
		{EDCC034A-4E88-4FE4-84C0-8415E60939F4}.Debug|x86.Build.0 = Debug|Win32
		{EDCC034A-4E88-4FE4-84C0-8415E60939F4}.Release|Any CPU.ActiveCfg = Release|Win32
		{EDCC034A-4E88-4FE4-84C0-8415E60939F4}.Release|x64.ActiveCfg = Release|x64
		{EDCC034A-4E88-4FE4-84C0-8415E60939F4}.Release|x64.Build.0 = Release|x64
		{EDCC034A-4E88-4FE4-84C0-8415E60939F4}.Release|x86.ActiveCfg = Release|Win32
		{EDCC034A-4E88-4FE4-84C0-8415E60939F4}.Release|x86.Build.0 = Release|Win32
		{49D7EB30-D0FD-4A12-A035-7B44BDB23BF1}.Debug|Any CPU.ActiveCfg = Debug|Win32
		{49D7EB30-D0FD-4A12-A035-7B44BDB23BF1}.Debug|x64.ActiveCfg = Debug|x64
		{49D7EB30-D0FD-4A12-A035-7B44BDB23BF1}.Debug|x64.Build.0 = Debug|x64
		{49D7EB30-D0FD-4A12-A035-7B44BDB23BF1}.Debug|x86.ActiveCfg = Debug|Win32
		{49D7EB30-D0FD-4A12-A035-7B44BDB23BF1}.Debug|x86.Build.0 = Debug|Win32
		{49D7EB30-D0FD-4A12-A035-7B44BDB23BF1}.Release|Any CPU.ActiveCfg = Release|Win32
		{49D7EB30-D0FD-4A12-A035-7B44BDB23BF1}.Release|x64.ActiveCfg = Release|x64
		{49D7EB30-D0FD-4A12-A035-7B44BDB23BF1}.Release|x64.Build.0 = Release|x64
		{49D7EB30-D0FD-4A12-A035-7B44BDB23BF1}.Release|x86.ActiveCfg = Release|Win32
		{49D7EB30-D0FD-4A12-A035-7B44BDB23BF1}.Release|x86.Build.0 = Release|Win32
		{87702CA2-8CEF-4058-9205-DC7D51BB9F4E}.Debug|Any CPU.ActiveCfg = Debug|Win32
		{87702CA2-8CEF-4058-9205-DC7D51BB9F4E}.Debug|x64.ActiveCfg = Debug|x64
		{87702CA2-8CEF-4058-9205-DC7D51BB9F4E}.Debug|x64.Build.0 = Debug|x64
		{87702CA2-8CEF-4058-9205-DC7D51BB9F4E}.Debug|x86.ActiveCfg = Debug|Win32
		{87702CA2-8CEF-4058-9205-DC7D51BB9F4E}.Debug|x86.Build.0 = Debug|Win32
		{87702CA2-8CEF-4058-9205-DC7D51BB9F4E}.Release|Any CPU.ActiveCfg = Release|Win32
		{87702CA2-8CEF-4058-9205-DC7D51BB9F4E}.Release|x64.ActiveCfg = Release|x64
		{87702CA2-8CEF-4058-9205-DC7D51BB9F4E}.Release|x64.Build.0 = Release|x64
		{87702CA2-8CEF-4058-9205-DC7D51BB9F4E}.Release|x86.ActiveCfg = Release|Win32
		{87702CA2-8CEF-4058-9205-DC7D51BB9F4E}.Release|x86.Build.0 = Release|Win32
		{4B5F5593-6F07-4869-A49D-E5AADA56D3C7}.Debug|Any CPU.ActiveCfg = Debug|Any CPU
		{4B5F5593-6F07-4869-A49D-E5AADA56D3C7}.Debug|Any CPU.Build.0 = Debug|Any CPU
		{4B5F5593-6F07-4869-A49D-E5AADA56D3C7}.Debug|x64.ActiveCfg = Debug|Any CPU
		{4B5F5593-6F07-4869-A49D-E5AADA56D3C7}.Debug|x64.Build.0 = Debug|Any CPU
		{4B5F5593-6F07-4869-A49D-E5AADA56D3C7}.Debug|x86.ActiveCfg = Debug|Any CPU
		{4B5F5593-6F07-4869-A49D-E5AADA56D3C7}.Debug|x86.Build.0 = Debug|Any CPU
		{4B5F5593-6F07-4869-A49D-E5AADA56D3C7}.Release|Any CPU.ActiveCfg = Release|Any CPU
		{4B5F5593-6F07-4869-A49D-E5AADA56D3C7}.Release|Any CPU.Build.0 = Release|Any CPU
		{4B5F5593-6F07-4869-A49D-E5AADA56D3C7}.Release|x64.ActiveCfg = Release|Any CPU
		{4B5F5593-6F07-4869-A49D-E5AADA56D3C7}.Release|x64.Build.0 = Release|Any CPU
		{4B5F5593-6F07-4869-A49D-E5AADA56D3C7}.Release|x86.ActiveCfg = Release|Any CPU
		{4B5F5593-6F07-4869-A49D-E5AADA56D3C7}.Release|x86.Build.0 = Release|Any CPU
		{F09BCC4A-6AD7-487E-9661-A05398DA6950}.Debug|Any CPU.ActiveCfg = Debug|Any CPU
		{F09BCC4A-6AD7-487E-9661-A05398DA6950}.Debug|Any CPU.Build.0 = Debug|Any CPU
		{F09BCC4A-6AD7-487E-9661-A05398DA6950}.Debug|x64.ActiveCfg = Debug|Any CPU
		{F09BCC4A-6AD7-487E-9661-A05398DA6950}.Debug|x64.Build.0 = Debug|Any CPU
		{F09BCC4A-6AD7-487E-9661-A05398DA6950}.Debug|x86.ActiveCfg = Debug|Any CPU
		{F09BCC4A-6AD7-487E-9661-A05398DA6950}.Debug|x86.Build.0 = Debug|Any CPU
		{F09BCC4A-6AD7-487E-9661-A05398DA6950}.Release|Any CPU.ActiveCfg = Release|Any CPU
		{F09BCC4A-6AD7-487E-9661-A05398DA6950}.Release|Any CPU.Build.0 = Release|Any CPU
		{F09BCC4A-6AD7-487E-9661-A05398DA6950}.Release|x64.ActiveCfg = Release|Any CPU
		{F09BCC4A-6AD7-487E-9661-A05398DA6950}.Release|x64.Build.0 = Release|Any CPU
		{F09BCC4A-6AD7-487E-9661-A05398DA6950}.Release|x86.ActiveCfg = Release|Any CPU
		{F09BCC4A-6AD7-487E-9661-A05398DA6950}.Release|x86.Build.0 = Release|Any CPU
	EndGlobalSection
	GlobalSection(SolutionProperties) = preSolution
		HideSolutionNode = FALSE
	EndGlobalSection
	GlobalSection(NestedProjects) = preSolution
		{13D6E44A-C305-403F-89EA-0C90615DD52E} = {78A8277C-7500-4EAC-BA69-03A48A9C8FED}
		{A84B20BE-D34E-46D0-9ECC-03DCA643DE64} = {13D6E44A-C305-403F-89EA-0C90615DD52E}
		{D7CFEA56-4066-45F4-BB87-9D8F8DC7DFE8} = {78A8277C-7500-4EAC-BA69-03A48A9C8FED}
		{5022FA36-61C0-4803-B7A7-772FC0C040CB} = {78A8277C-7500-4EAC-BA69-03A48A9C8FED}
		{21529D91-3355-408B-89C0-DD202DBD7AFA} = {13D6E44A-C305-403F-89EA-0C90615DD52E}
		{EDCC034A-4E88-4FE4-84C0-8415E60939F4} = {D7CFEA56-4066-45F4-BB87-9D8F8DC7DFE8}
		{CD2A48E5-4426-4141-A6FD-BE735D32A0CA} = {78A8277C-7500-4EAC-BA69-03A48A9C8FED}
		{A8859F55-F699-4B8A-AC71-526284A7B94C} = {CD2A48E5-4426-4141-A6FD-BE735D32A0CA}
		{49D7EB30-D0FD-4A12-A035-7B44BDB23BF1} = {D7CFEA56-4066-45F4-BB87-9D8F8DC7DFE8}
		{87702CA2-8CEF-4058-9205-DC7D51BB9F4E} = {D7CFEA56-4066-45F4-BB87-9D8F8DC7DFE8}
		{4B5F5593-6F07-4869-A49D-E5AADA56D3C7} = {13D6E44A-C305-403F-89EA-0C90615DD52E}
		{F09BCC4A-6AD7-487E-9661-A05398DA6950} = {13D6E44A-C305-403F-89EA-0C90615DD52E}
		{AC05E9BB-D68F-43A6-BA9D-4EFADA037CCA} = {CD2A48E5-4426-4141-A6FD-BE735D32A0CA}
		{751684BC-DDA1-4A0C-9E1F-34FDBA9C229A} = {CD2A48E5-4426-4141-A6FD-BE735D32A0CA}
	EndGlobalSection
EndGlobal
