
Microsoft Visual Studio Solution File, Format Version 12.00
# Visual Studio 14
VisualStudioVersion = 14.0.25123.0
MinimumVisualStudioVersion = 10.0.40219.1
Project("{FAE04EC0-301F-11D3-BF4B-00C04F79EFBC}") = "WinHandlesQuerier", "Consumer\WinHandlesQuerier.csproj", "{CBD5EF88-8D63-4440-8D9F-9F21D2535609}"
EndProject
Project("{FAE04EC0-301F-11D3-BF4B-00C04F79EFBC}") = "WinHandlesQuerier.Core", "WinHandlesQuerier.Core\WinHandlesQuerier.Core.csproj", "{F31C3F13-5C5E-4512-B3C7-A16F8FA6518B}"
EndProject
Project("{FAE04EC0-301F-11D3-BF4B-00C04F79EFBC}") = "WinNativeApi", "WinNativeApi\WinNativeApi.csproj", "{BC696670-7B56-44D5-B62C-46A9C2FF00EA}"
EndProject
Project("{2150E333-8FDC-42A3-9474-1A3956D46DE8}") = "Git", "Git", "{CE7C6ED5-BD94-4AE4-BBF2-C20A16D3F923}"
	ProjectSection(SolutionItems) = preProject
		..\.gitattributes = ..\.gitattributes
		..\.gitignore = ..\.gitignore
	EndProjectSection
EndProject
Global
	GlobalSection(SolutionConfigurationPlatforms) = preSolution
		Debug|Any CPU = Debug|Any CPU
		Debug|x64 = Debug|x64
		Debug|x86 = Debug|x86
		Release|Any CPU = Release|Any CPU
		Release|x64 = Release|x64
		Release|x86 = Release|x86
	EndGlobalSection
	GlobalSection(ProjectConfigurationPlatforms) = postSolution
		{CBD5EF88-8D63-4440-8D9F-9F21D2535609}.Debug|Any CPU.ActiveCfg = Debug|Any CPU
		{CBD5EF88-8D63-4440-8D9F-9F21D2535609}.Debug|Any CPU.Build.0 = Debug|Any CPU
		{CBD5EF88-8D63-4440-8D9F-9F21D2535609}.Debug|x64.ActiveCfg = Debug|x64
		{CBD5EF88-8D63-4440-8D9F-9F21D2535609}.Debug|x64.Build.0 = Debug|x64
		{CBD5EF88-8D63-4440-8D9F-9F21D2535609}.Debug|x86.ActiveCfg = Debug|x86
		{CBD5EF88-8D63-4440-8D9F-9F21D2535609}.Debug|x86.Build.0 = Debug|x86
		{CBD5EF88-8D63-4440-8D9F-9F21D2535609}.Release|Any CPU.ActiveCfg = Release|Any CPU
		{CBD5EF88-8D63-4440-8D9F-9F21D2535609}.Release|Any CPU.Build.0 = Release|Any CPU
		{CBD5EF88-8D63-4440-8D9F-9F21D2535609}.Release|x64.ActiveCfg = Release|Any CPU
		{CBD5EF88-8D63-4440-8D9F-9F21D2535609}.Release|x64.Build.0 = Release|Any CPU
		{CBD5EF88-8D63-4440-8D9F-9F21D2535609}.Release|x86.ActiveCfg = Release|Any CPU
		{CBD5EF88-8D63-4440-8D9F-9F21D2535609}.Release|x86.Build.0 = Release|Any CPU
		{F31C3F13-5C5E-4512-B3C7-A16F8FA6518B}.Debug|Any CPU.ActiveCfg = Debug|Any CPU
		{F31C3F13-5C5E-4512-B3C7-A16F8FA6518B}.Debug|Any CPU.Build.0 = Debug|Any CPU
		{F31C3F13-5C5E-4512-B3C7-A16F8FA6518B}.Debug|x64.ActiveCfg = Debug|x64
		{F31C3F13-5C5E-4512-B3C7-A16F8FA6518B}.Debug|x64.Build.0 = Debug|x64
		{F31C3F13-5C5E-4512-B3C7-A16F8FA6518B}.Debug|x86.ActiveCfg = Debug|Any CPU
		{F31C3F13-5C5E-4512-B3C7-A16F8FA6518B}.Debug|x86.Build.0 = Debug|Any CPU
		{F31C3F13-5C5E-4512-B3C7-A16F8FA6518B}.Release|Any CPU.ActiveCfg = Release|Any CPU
		{F31C3F13-5C5E-4512-B3C7-A16F8FA6518B}.Release|Any CPU.Build.0 = Release|Any CPU
		{F31C3F13-5C5E-4512-B3C7-A16F8FA6518B}.Release|x64.ActiveCfg = Release|Any CPU
		{F31C3F13-5C5E-4512-B3C7-A16F8FA6518B}.Release|x64.Build.0 = Release|Any CPU
		{F31C3F13-5C5E-4512-B3C7-A16F8FA6518B}.Release|x86.ActiveCfg = Release|Any CPU
		{F31C3F13-5C5E-4512-B3C7-A16F8FA6518B}.Release|x86.Build.0 = Release|Any CPU
		{BC696670-7B56-44D5-B62C-46A9C2FF00EA}.Debug|Any CPU.ActiveCfg = Debug|Any CPU
		{BC696670-7B56-44D5-B62C-46A9C2FF00EA}.Debug|Any CPU.Build.0 = Debug|Any CPU
		{BC696670-7B56-44D5-B62C-46A9C2FF00EA}.Debug|x64.ActiveCfg = Debug|x64
		{BC696670-7B56-44D5-B62C-46A9C2FF00EA}.Debug|x64.Build.0 = Debug|x64
		{BC696670-7B56-44D5-B62C-46A9C2FF00EA}.Debug|x86.ActiveCfg = Debug|Any CPU
		{BC696670-7B56-44D5-B62C-46A9C2FF00EA}.Debug|x86.Build.0 = Debug|Any CPU
		{BC696670-7B56-44D5-B62C-46A9C2FF00EA}.Release|Any CPU.ActiveCfg = Release|Any CPU
		{BC696670-7B56-44D5-B62C-46A9C2FF00EA}.Release|Any CPU.Build.0 = Release|Any CPU
		{BC696670-7B56-44D5-B62C-46A9C2FF00EA}.Release|x64.ActiveCfg = Release|Any CPU
		{BC696670-7B56-44D5-B62C-46A9C2FF00EA}.Release|x64.Build.0 = Release|Any CPU
		{BC696670-7B56-44D5-B62C-46A9C2FF00EA}.Release|x86.ActiveCfg = Release|Any CPU
		{BC696670-7B56-44D5-B62C-46A9C2FF00EA}.Release|x86.Build.0 = Release|Any CPU
	EndGlobalSection
	GlobalSection(SolutionProperties) = preSolution
		HideSolutionNode = FALSE
	EndGlobalSection
EndGlobal
